
Microsoft Visual Studio Solution File, Format Version 12.00
# Visual Studio Version 16
VisualStudioVersion = 16.0.29911.84
MinimumVisualStudioVersion = 10.0.40219.1
Project("{FAE04EC0-301F-11D3-BF4B-00C04F79EFBC}") = "EquationDraw", "EquationDraw.csproj", "{64CBA1C5-B6EE-494A-B79C-143DAD927F0D}"
EndProject
Project("{2150E333-8FDC-42A3-9474-1A3956D46DE8}") = "Solution Items", "Solution Items", "{42153197-9339-476E-AE89-F98740188254}"
	ProjectSection(SolutionItems) = preProject
		.editorconfig = .editorconfig
	EndProjectSection
EndProject
Global
	GlobalSection(SolutionConfigurationPlatforms) = preSolution
		Debug|Any CPU = Debug|Any CPU
		Release|Any CPU = Release|Any CPU
	EndGlobalSection
	GlobalSection(ProjectConfigurationPlatforms) = postSolution
		{64CBA1C5-B6EE-494A-B79C-143DAD927F0D}.Debug|Any CPU.ActiveCfg = Debug|Any CPU
		{64CBA1C5-B6EE-494A-B79C-143DAD927F0D}.Debug|Any CPU.Build.0 = Debug|Any CPU
		{64CBA1C5-B6EE-494A-B79C-143DAD927F0D}.Release|Any CPU.ActiveCfg = Release|Any CPU
		{64CBA1C5-B6EE-494A-B79C-143DAD927F0D}.Release|Any CPU.Build.0 = Release|Any CPU
	EndGlobalSection
	GlobalSection(SolutionProperties) = preSolution
		HideSolutionNode = FALSE
	EndGlobalSection
	GlobalSection(ExtensibilityGlobals) = postSolution
		SolutionGuid = {00E3B29D-DE54-49DE-96EC-277246DD2856}
	EndGlobalSection
EndGlobal
